
Microsoft Visual Studio Solution File, Format Version 12.00
# Visual Studio Version 17
VisualStudioVersion = 17.0.31903.59
MinimumVisualStudioVersion = 10.0.40219.1
Project("{2150E333-8FDC-42A3-9474-1A3956D46DE8}") = "src", "src", "{827E0CD3-B72D-47B6-A68D-7590B98EB39B}"
EndProject
Project("{FAE04EC0-301F-11D3-BF4B-00C04F79EFBC}") = "SuperCom.Core", "src\SuperCom.Core\SuperCom.Core.csproj", "{397496B8-C330-4EFD-9733-8AE76B9EFD97}"
EndProject
Project("{FAE04EC0-301F-11D3-BF4B-00C04F79EFBC}") = "SuperCom.Infrastructure", "src\SuperCom.Infrastructure\SuperCom.Infrastructure.csproj", "{EFEE68A1-78E5-451C-A570-10DE5041647C}"
EndProject
Project("{FAE04EC0-301F-11D3-BF4B-00C04F79EFBC}") = "SuperCom.API", "src\SuperCom.API\SuperCom.API.csproj", "{CF1682DB-CAB6-4279-B5E5-244292F9771A}"
EndProject
Project("{FAE04EC0-301F-11D3-BF4B-00C04F79EFBC}") = "SuperCom.ReminderService", "src\SuperCom.ReminderService\SuperCom.ReminderService.csproj", "{329D7C0B-BFE8-415B-8F28-EF4F6041FAC7}"
EndProject
Project("{2150E333-8FDC-42A3-9474-1A3956D46DE8}") = "tests", "tests", "{0AB3BF05-4346-4AA6-1389-037BE0695223}"
EndProject
Project("{FAE04EC0-301F-11D3-BF4B-00C04F79EFBC}") = "SuperCom.Tests", "tests\SuperCom.Tests\SuperCom.Tests.csproj", "{B57E2078-FECE-4153-832F-A623E50BE465}"
EndProject
Global
	GlobalSection(SolutionConfigurationPlatforms) = preSolution
		Debug|Any CPU = Debug|Any CPU
		Debug|x64 = Debug|x64
		Debug|x86 = Debug|x86
		Release|Any CPU = Release|Any CPU
		Release|x64 = Release|x64
		Release|x86 = Release|x86
	EndGlobalSection
	GlobalSection(ProjectConfigurationPlatforms) = postSolution
		{397496B8-C330-4EFD-9733-8AE76B9EFD97}.Debug|Any CPU.ActiveCfg = Debug|Any CPU
		{397496B8-C330-4EFD-9733-8AE76B9EFD97}.Debug|Any CPU.Build.0 = Debug|Any CPU
		{397496B8-C330-4EFD-9733-8AE76B9EFD97}.Debug|x64.ActiveCfg = Debug|Any CPU
		{397496B8-C330-4EFD-9733-8AE76B9EFD97}.Debug|x64.Build.0 = Debug|Any CPU
		{397496B8-C330-4EFD-9733-8AE76B9EFD97}.Debug|x86.ActiveCfg = Debug|Any CPU
		{397496B8-C330-4EFD-9733-8AE76B9EFD97}.Debug|x86.Build.0 = Debug|Any CPU
		{397496B8-C330-4EFD-9733-8AE76B9EFD97}.Release|Any CPU.ActiveCfg = Release|Any CPU
		{397496B8-C330-4EFD-9733-8AE76B9EFD97}.Release|Any CPU.Build.0 = Release|Any CPU
		{397496B8-C330-4EFD-9733-8AE76B9EFD97}.Release|x64.ActiveCfg = Release|Any CPU
		{397496B8-C330-4EFD-9733-8AE76B9EFD97}.Release|x64.Build.0 = Release|Any CPU
		{397496B8-C330-4EFD-9733-8AE76B9EFD97}.Release|x86.ActiveCfg = Release|Any CPU
		{397496B8-C330-4EFD-9733-8AE76B9EFD97}.Release|x86.Build.0 = Release|Any CPU
		{EFEE68A1-78E5-451C-A570-10DE5041647C}.Debug|Any CPU.ActiveCfg = Debug|Any CPU
		{EFEE68A1-78E5-451C-A570-10DE5041647C}.Debug|Any CPU.Build.0 = Debug|Any CPU
		{EFEE68A1-78E5-451C-A570-10DE5041647C}.Debug|x64.ActiveCfg = Debug|Any CPU
		{EFEE68A1-78E5-451C-A570-10DE5041647C}.Debug|x64.Build.0 = Debug|Any CPU
		{EFEE68A1-78E5-451C-A570-10DE5041647C}.Debug|x86.ActiveCfg = Debug|Any CPU
		{EFEE68A1-78E5-451C-A570-10DE5041647C}.Debug|x86.Build.0 = Debug|Any CPU
		{EFEE68A1-78E5-451C-A570-10DE5041647C}.Release|Any CPU.ActiveCfg = Release|Any CPU
		{EFEE68A1-78E5-451C-A570-10DE5041647C}.Release|Any CPU.Build.0 = Release|Any CPU
		{EFEE68A1-78E5-451C-A570-10DE5041647C}.Release|x64.ActiveCfg = Release|Any CPU
		{EFEE68A1-78E5-451C-A570-10DE5041647C}.Release|x64.Build.0 = Release|Any CPU
		{EFEE68A1-78E5-451C-A570-10DE5041647C}.Release|x86.ActiveCfg = Release|Any CPU
		{EFEE68A1-78E5-451C-A570-10DE5041647C}.Release|x86.Build.0 = Release|Any CPU
		{CF1682DB-CAB6-4279-B5E5-244292F9771A}.Debug|Any CPU.ActiveCfg = Debug|Any CPU
		{CF1682DB-CAB6-4279-B5E5-244292F9771A}.Debug|Any CPU.Build.0 = Debug|Any CPU
		{CF1682DB-CAB6-4279-B5E5-244292F9771A}.Debug|x64.ActiveCfg = Debug|Any CPU
		{CF1682DB-CAB6-4279-B5E5-244292F9771A}.Debug|x64.Build.0 = Debug|Any CPU
		{CF1682DB-CAB6-4279-B5E5-244292F9771A}.Debug|x86.ActiveCfg = Debug|Any CPU
		{CF1682DB-CAB6-4279-B5E5-244292F9771A}.Debug|x86.Build.0 = Debug|Any CPU
		{CF1682DB-CAB6-4279-B5E5-244292F9771A}.Release|Any CPU.ActiveCfg = Release|Any CPU
		{CF1682DB-CAB6-4279-B5E5-244292F9771A}.Release|Any CPU.Build.0 = Release|Any CPU
		{CF1682DB-CAB6-4279-B5E5-244292F9771A}.Release|x64.ActiveCfg = Release|Any CPU
		{CF1682DB-CAB6-4279-B5E5-244292F9771A}.Release|x64.Build.0 = Release|Any CPU
		{CF1682DB-CAB6-4279-B5E5-244292F9771A}.Release|x86.ActiveCfg = Release|Any CPU
		{CF1682DB-CAB6-4279-B5E5-244292F9771A}.Release|x86.Build.0 = Release|Any CPU
		{329D7C0B-BFE8-415B-8F28-EF4F6041FAC7}.Debug|Any CPU.ActiveCfg = Debug|Any CPU
		{329D7C0B-BFE8-415B-8F28-EF4F6041FAC7}.Debug|Any CPU.Build.0 = Debug|Any CPU
		{329D7C0B-BFE8-415B-8F28-EF4F6041FAC7}.Debug|x64.ActiveCfg = Debug|Any CPU
		{329D7C0B-BFE8-415B-8F28-EF4F6041FAC7}.Debug|x64.Build.0 = Debug|Any CPU
		{329D7C0B-BFE8-415B-8F28-EF4F6041FAC7}.Debug|x86.ActiveCfg = Debug|Any CPU
		{329D7C0B-BFE8-415B-8F28-EF4F6041FAC7}.Debug|x86.Build.0 = Debug|Any CPU
		{329D7C0B-BFE8-415B-8F28-EF4F6041FAC7}.Release|Any CPU.ActiveCfg = Release|Any CPU
		{329D7C0B-BFE8-415B-8F28-EF4F6041FAC7}.Release|Any CPU.Build.0 = Release|Any CPU
		{329D7C0B-BFE8-415B-8F28-EF4F6041FAC7}.Release|x64.ActiveCfg = Release|Any CPU
		{329D7C0B-BFE8-415B-8F28-EF4F6041FAC7}.Release|x64.Build.0 = Release|Any CPU
		{329D7C0B-BFE8-415B-8F28-EF4F6041FAC7}.Release|x86.ActiveCfg = Release|Any CPU
		{329D7C0B-BFE8-415B-8F28-EF4F6041FAC7}.Release|x86.Build.0 = Release|Any CPU
		{B57E2078-FECE-4153-832F-A623E50BE465}.Debug|Any CPU.ActiveCfg = Debug|Any CPU
		{B57E2078-FECE-4153-832F-A623E50BE465}.Debug|Any CPU.Build.0 = Debug|Any CPU
		{B57E2078-FECE-4153-832F-A623E50BE465}.Debug|x64.ActiveCfg = Debug|Any CPU
		{B57E2078-FECE-4153-832F-A623E50BE465}.Debug|x64.Build.0 = Debug|Any CPU
		{B57E2078-FECE-4153-832F-A623E50BE465}.Debug|x86.ActiveCfg = Debug|Any CPU
		{B57E2078-FECE-4153-832F-A623E50BE465}.Debug|x86.Build.0 = Debug|Any CPU
		{B57E2078-FECE-4153-832F-A623E50BE465}.Release|Any CPU.ActiveCfg = Release|Any CPU
		{B57E2078-FECE-4153-832F-A623E50BE465}.Release|Any CPU.Build.0 = Release|Any CPU
		{B57E2078-FECE-4153-832F-A623E50BE465}.Release|x64.ActiveCfg = Release|Any CPU
		{B57E2078-FECE-4153-832F-A623E50BE465}.Release|x64.Build.0 = Release|Any CPU
		{B57E2078-FECE-4153-832F-A623E50BE465}.Release|x86.ActiveCfg = Release|Any CPU
		{B57E2078-FECE-4153-832F-A623E50BE465}.Release|x86.Build.0 = Release|Any CPU
	EndGlobalSection
	GlobalSection(SolutionProperties) = preSolution
		HideSolutionNode = FALSE
	EndGlobalSection
	GlobalSection(NestedProjects) = preSolution
		{397496B8-C330-4EFD-9733-8AE76B9EFD97} = {827E0CD3-B72D-47B6-A68D-7590B98EB39B}
		{EFEE68A1-78E5-451C-A570-10DE5041647C} = {827E0CD3-B72D-47B6-A68D-7590B98EB39B}
		{CF1682DB-CAB6-4279-B5E5-244292F9771A} = {827E0CD3-B72D-47B6-A68D-7590B98EB39B}
		{329D7C0B-BFE8-415B-8F28-EF4F6041FAC7} = {827E0CD3-B72D-47B6-A68D-7590B98EB39B}
		{B57E2078-FECE-4153-832F-A623E50BE465} = {0AB3BF05-4346-4AA6-1389-037BE0695223}
	EndGlobalSection
EndGlobal
